
Microsoft Visual Studio Solution File, Format Version 12.00
# Visual Studio Version 17
VisualStudioVersion = 17.5.002.0
MinimumVisualStudioVersion = 10.0.40219.1
Project("{9A19103F-16F7-4668-BE54-9A1E7A4F7556}") = "MessmeApi", "MessmeApi.csproj", "{4D91510A-03EA-41F5-88F8-0E12086B44C2}"
EndProject
Global
	GlobalSection(SolutionConfigurationPlatforms) = preSolution
		Debug|Any CPU = Debug|Any CPU
		Release|Any CPU = Release|Any CPU
	EndGlobalSection
	GlobalSection(ProjectConfigurationPlatforms) = postSolution
		{4D91510A-03EA-41F5-88F8-0E12086B44C2}.Debug|Any CPU.ActiveCfg = Debug|Any CPU
		{4D91510A-03EA-41F5-88F8-0E12086B44C2}.Debug|Any CPU.Build.0 = Debug|Any CPU
		{4D91510A-03EA-41F5-88F8-0E12086B44C2}.Release|Any CPU.ActiveCfg = Release|Any CPU
		{4D91510A-03EA-41F5-88F8-0E12086B44C2}.Release|Any CPU.Build.0 = Release|Any CPU
	EndGlobalSection
	GlobalSection(SolutionProperties) = preSolution
		HideSolutionNode = FALSE
	EndGlobalSection
	GlobalSection(ExtensibilityGlobals) = postSolution
		SolutionGuid = {054421ED-0694-45A3-90E9-7D934CD43B6C}
	EndGlobalSection
EndGlobal
